
Microsoft Visual Studio Solution File, Format Version 12.00
Project("{FAE04EC0-301F-11D3-BF4B-00C04F79EFBC}") = "CiCd", "CiCd\CiCd.csproj", "{49231C94-08E1-4F8C-BF38-CAB7F86FC806}"
EndProject
Project("{FAE04EC0-301F-11D3-BF4B-00C04F79EFBC}") = "Tests", "Tests\Tests.csproj", "{551E2471-F72E-4B1A-BC3E-59234672B64F}"
EndProject
Global
	GlobalSection(SolutionConfigurationPlatforms) = preSolution
		Debug|Any CPU = Debug|Any CPU
		Release|Any CPU = Release|Any CPU
	EndGlobalSection
	GlobalSection(ProjectConfigurationPlatforms) = postSolution
		{49231C94-08E1-4F8C-BF38-CAB7F86FC806}.Debug|Any CPU.ActiveCfg = Debug|Any CPU
		{49231C94-08E1-4F8C-BF38-CAB7F86FC806}.Debug|Any CPU.Build.0 = Debug|Any CPU
		{49231C94-08E1-4F8C-BF38-CAB7F86FC806}.Release|Any CPU.ActiveCfg = Release|Any CPU
		{49231C94-08E1-4F8C-BF38-CAB7F86FC806}.Release|Any CPU.Build.0 = Release|Any CPU
		{551E2471-F72E-4B1A-BC3E-59234672B64F}.Debug|Any CPU.ActiveCfg = Debug|Any CPU
		{551E2471-F72E-4B1A-BC3E-59234672B64F}.Debug|Any CPU.Build.0 = Debug|Any CPU
		{551E2471-F72E-4B1A-BC3E-59234672B64F}.Release|Any CPU.ActiveCfg = Release|Any CPU
		{551E2471-F72E-4B1A-BC3E-59234672B64F}.Release|Any CPU.Build.0 = Release|Any CPU
	EndGlobalSection
EndGlobal
